
Microsoft Visual Studio Solution File, Format Version 12.00
# Visual Studio Version 17
VisualStudioVersion = 17.0.31903.59
MinimumVisualStudioVersion = 10.0.40219.1
Project("{FAE04EC0-301F-11D3-BF4B-00C04F79EFBC}") = "Sistema-Estacionamento", "Estacionamento\Sistema-Estacionamento.csproj", "{D8DB03D1-D805-499B-B1F7-A0AD98DD2963}"
EndProject
Global
	GlobalSection(SolutionConfigurationPlatforms) = preSolution
		Debug|Any CPU = Debug|Any CPU
		Release|Any CPU = Release|Any CPU
	EndGlobalSection
	GlobalSection(SolutionProperties) = preSolution
		HideSolutionNode = FALSE
	EndGlobalSection
	GlobalSection(ProjectConfigurationPlatforms) = postSolution
		{D8DB03D1-D805-499B-B1F7-A0AD98DD2963}.Debug|Any CPU.ActiveCfg = Debug|Any CPU
		{D8DB03D1-D805-499B-B1F7-A0AD98DD2963}.Debug|Any CPU.Build.0 = Debug|Any CPU
		{D8DB03D1-D805-499B-B1F7-A0AD98DD2963}.Release|Any CPU.ActiveCfg = Release|Any CPU
		{D8DB03D1-D805-499B-B1F7-A0AD98DD2963}.Release|Any CPU.Build.0 = Release|Any CPU
		{CF1F216E-4127-4A4A-9045-B44A9FF4258C}.Debug|Any CPU.ActiveCfg = Debug|Any CPU
		{CF1F216E-4127-4A4A-9045-B44A9FF4258C}.Debug|Any CPU.Build.0 = Debug|Any CPU
		{CF1F216E-4127-4A4A-9045-B44A9FF4258C}.Release|Any CPU.ActiveCfg = Release|Any CPU
		{CF1F216E-4127-4A4A-9045-B44A9FF4258C}.Release|Any CPU.Build.0 = Release|Any CPU
		{CB67B8E2-0A98-4401-A423-611C463FED6F}.Debug|Any CPU.ActiveCfg = Debug|Any CPU
		{CB67B8E2-0A98-4401-A423-611C463FED6F}.Debug|Any CPU.Build.0 = Debug|Any CPU
		{CB67B8E2-0A98-4401-A423-611C463FED6F}.Release|Any CPU.ActiveCfg = Release|Any CPU
		{CB67B8E2-0A98-4401-A423-611C463FED6F}.Release|Any CPU.Build.0 = Release|Any CPU
		{5D9B726B-6C34-4471-809C-353A84F0161C}.Debug|Any CPU.ActiveCfg = Debug|Any CPU
		{5D9B726B-6C34-4471-809C-353A84F0161C}.Debug|Any CPU.Build.0 = Debug|Any CPU
		{5D9B726B-6C34-4471-809C-353A84F0161C}.Release|Any CPU.ActiveCfg = Release|Any CPU
		{5D9B726B-6C34-4471-809C-353A84F0161C}.Release|Any CPU.Build.0 = Release|Any CPU
	EndGlobalSection
EndGlobal
